
Microsoft Visual Studio Solution File, Format Version 12.00
# Visual Studio Version 16
VisualStudioVersion = 16.0.31702.278
MinimumVisualStudioVersion = 10.0.40219.1
Project("{FAE04EC0-301F-11D3-BF4B-00C04F79EFBC}") = "Miller_linkedlist", "Miller_linkedlist\Miller_linkedlist.csproj", "{ED242097-1889-4EFA-8F39-3123658695A4}"
EndProject
Global
	GlobalSection(SolutionConfigurationPlatforms) = preSolution
		Debug|Any CPU = Debug|Any CPU
		Release|Any CPU = Release|Any CPU
	EndGlobalSection
	GlobalSection(ProjectConfigurationPlatforms) = postSolution
		{ED242097-1889-4EFA-8F39-3123658695A4}.Debug|Any CPU.ActiveCfg = Debug|Any CPU
		{ED242097-1889-4EFA-8F39-3123658695A4}.Debug|Any CPU.Build.0 = Debug|Any CPU
		{ED242097-1889-4EFA-8F39-3123658695A4}.Release|Any CPU.ActiveCfg = Release|Any CPU
		{ED242097-1889-4EFA-8F39-3123658695A4}.Release|Any CPU.Build.0 = Release|Any CPU
	EndGlobalSection
	GlobalSection(SolutionProperties) = preSolution
		HideSolutionNode = FALSE
	EndGlobalSection
	GlobalSection(ExtensibilityGlobals) = postSolution
		SolutionGuid = {2CAE8F56-E7A6-4BF3-8BF0-E034279D6B1D}
	EndGlobalSection
EndGlobal
